
Microsoft Visual Studio Solution File, Format Version 12.00
# Visual Studio 14
VisualStudioVersion = 14.0.25420.1
MinimumVisualStudioVersion = 10.0.40219.1
Project("{2150E333-8FDC-42A3-9474-1A3956D46DE8}") = "_Infra_Utils", "_Infra_Utils", "{41553352-BD08-4929-8210-A50FA518153E}"
EndProject
Project("{2150E333-8FDC-42A3-9474-1A3956D46DE8}") = "_Interfaces", "_Interfaces", "{C8B2ACFB-8622-4B55-9A02-288FEF96AF5D}"
EndProject
Project("{2150E333-8FDC-42A3-9474-1A3956D46DE8}") = "Back-end", "Back-end", "{39DACBB0-472B-46F0-89F6-7AF8BA0AB0CB}"
EndProject
Project("{2150E333-8FDC-42A3-9474-1A3956D46DE8}") = "Objects", "Objects", "{3374664A-8EEF-41FF-9876-1B19410E943F}"
EndProject
Project("{2150E333-8FDC-42A3-9474-1A3956D46DE8}") = "UnitTests", "UnitTests", "{13CBC5AF-89A1-426A-990A-3AB575E3BD72}"
EndProject
Project("{FAE04EC0-301F-11D3-BF4B-00C04F79EFBC}") = "TamTam.IoCContainer", "TamTam.IoCContainer\TamTam.IoCContainer.csproj", "{23CF57E4-F4D5-4EE4-9E24-59EAEB225EA8}"
EndProject
Project("{FAE04EC0-301F-11D3-BF4B-00C04F79EFBC}") = "TamTam.IoCResolver", "TamTam.IoCResolver\TamTam.IoCResolver.csproj", "{5FFF5DDF-945C-45AA-8C63-4816B7EA6A43}"
EndProject
Project("{FAE04EC0-301F-11D3-BF4B-00C04F79EFBC}") = "TamTam.Interfaces.Business", "TamTam.Interfaces.Business\TamTam.Interfaces.Business.csproj", "{AF4AE1F4-EA75-4315-A7DF-2F7DB3A08F9A}"
EndProject
Project("{FAE04EC0-301F-11D3-BF4B-00C04F79EFBC}") = "TamTam.Interfaces.IoCRegister", "TamTam.Interfaces.IoCRegister\TamTam.Interfaces.IoCRegister.csproj", "{33FC9040-64D0-4476-8C62-084A2D3BE21B}"
EndProject
Project("{FAE04EC0-301F-11D3-BF4B-00C04F79EFBC}") = "TamTam.Business", "TamTam.Business\TamTam.Business.csproj", "{E96B788D-DAFB-420A-9758-7D9A5213B51A}"
EndProject
Project("{FAE04EC0-301F-11D3-BF4B-00C04F79EFBC}") = "TamTam.Services", "TamTam.Services\TamTam.Services.csproj", "{CFFC9A3B-41C9-46F2-A620-29D6B42188F6}"
EndProject
Project("{FAE04EC0-301F-11D3-BF4B-00C04F79EFBC}") = "TamTam.UT.General", "TamTam.UT.General\TamTam.UT.General.csproj", "{93ABF240-3923-4D1E-852D-A1A754A4F00E}"
EndProject
Project("{FAE04EC0-301F-11D3-BF4B-00C04F79EFBC}") = "TamTam.Models", "TamTam.Models\TamTam.Models.csproj", "{9B34EC0C-826C-4B3B-B979-1D4B50099157}"
EndProject
Project("{FAE04EC0-301F-11D3-BF4B-00C04F79EFBC}") = "TamTam.Utils", "TamTam.Utils\TamTam.Utils.csproj", "{0443F2C6-8AAF-4060-A658-BDDE6DBBB329}"
EndProject
Project("{2150E333-8FDC-42A3-9474-1A3956D46DE8}") = "Front-end", "Front-end", "{3E694104-4C58-47E2-B275-3B1C3C91BA82}"
EndProject
Project("{FAE04EC0-301F-11D3-BF4B-00C04F79EFBC}") = "TamTam.UI.Web.TestSite", "TamTam.UI.Web.TestSite\TamTam.UI.Web.TestSite.csproj", "{A2A7AEC9-5A56-4517-835A-C52568055C24}"
EndProject
Global
	GlobalSection(SolutionConfigurationPlatforms) = preSolution
		Debug|Any CPU = Debug|Any CPU
		Release|Any CPU = Release|Any CPU
	EndGlobalSection
	GlobalSection(ProjectConfigurationPlatforms) = postSolution
		{23CF57E4-F4D5-4EE4-9E24-59EAEB225EA8}.Debug|Any CPU.ActiveCfg = Debug|Any CPU
		{23CF57E4-F4D5-4EE4-9E24-59EAEB225EA8}.Debug|Any CPU.Build.0 = Debug|Any CPU
		{23CF57E4-F4D5-4EE4-9E24-59EAEB225EA8}.Release|Any CPU.ActiveCfg = Release|Any CPU
		{23CF57E4-F4D5-4EE4-9E24-59EAEB225EA8}.Release|Any CPU.Build.0 = Release|Any CPU
		{5FFF5DDF-945C-45AA-8C63-4816B7EA6A43}.Debug|Any CPU.ActiveCfg = Debug|Any CPU
		{5FFF5DDF-945C-45AA-8C63-4816B7EA6A43}.Debug|Any CPU.Build.0 = Debug|Any CPU
		{5FFF5DDF-945C-45AA-8C63-4816B7EA6A43}.Release|Any CPU.ActiveCfg = Release|Any CPU
		{5FFF5DDF-945C-45AA-8C63-4816B7EA6A43}.Release|Any CPU.Build.0 = Release|Any CPU
		{AF4AE1F4-EA75-4315-A7DF-2F7DB3A08F9A}.Debug|Any CPU.ActiveCfg = Debug|Any CPU
		{AF4AE1F4-EA75-4315-A7DF-2F7DB3A08F9A}.Debug|Any CPU.Build.0 = Debug|Any CPU
		{AF4AE1F4-EA75-4315-A7DF-2F7DB3A08F9A}.Release|Any CPU.ActiveCfg = Release|Any CPU
		{AF4AE1F4-EA75-4315-A7DF-2F7DB3A08F9A}.Release|Any CPU.Build.0 = Release|Any CPU
		{33FC9040-64D0-4476-8C62-084A2D3BE21B}.Debug|Any CPU.ActiveCfg = Debug|Any CPU
		{33FC9040-64D0-4476-8C62-084A2D3BE21B}.Debug|Any CPU.Build.0 = Debug|Any CPU
		{33FC9040-64D0-4476-8C62-084A2D3BE21B}.Release|Any CPU.ActiveCfg = Release|Any CPU
		{33FC9040-64D0-4476-8C62-084A2D3BE21B}.Release|Any CPU.Build.0 = Release|Any CPU
		{E96B788D-DAFB-420A-9758-7D9A5213B51A}.Debug|Any CPU.ActiveCfg = Debug|Any CPU
		{E96B788D-DAFB-420A-9758-7D9A5213B51A}.Debug|Any CPU.Build.0 = Debug|Any CPU
		{E96B788D-DAFB-420A-9758-7D9A5213B51A}.Release|Any CPU.ActiveCfg = Release|Any CPU
		{E96B788D-DAFB-420A-9758-7D9A5213B51A}.Release|Any CPU.Build.0 = Release|Any CPU
		{CFFC9A3B-41C9-46F2-A620-29D6B42188F6}.Debug|Any CPU.ActiveCfg = Debug|Any CPU
		{CFFC9A3B-41C9-46F2-A620-29D6B42188F6}.Debug|Any CPU.Build.0 = Debug|Any CPU
		{CFFC9A3B-41C9-46F2-A620-29D6B42188F6}.Release|Any CPU.ActiveCfg = Release|Any CPU
		{CFFC9A3B-41C9-46F2-A620-29D6B42188F6}.Release|Any CPU.Build.0 = Release|Any CPU
		{93ABF240-3923-4D1E-852D-A1A754A4F00E}.Debug|Any CPU.ActiveCfg = Debug|Any CPU
		{93ABF240-3923-4D1E-852D-A1A754A4F00E}.Debug|Any CPU.Build.0 = Debug|Any CPU
		{93ABF240-3923-4D1E-852D-A1A754A4F00E}.Release|Any CPU.ActiveCfg = Release|Any CPU
		{93ABF240-3923-4D1E-852D-A1A754A4F00E}.Release|Any CPU.Build.0 = Release|Any CPU
		{9B34EC0C-826C-4B3B-B979-1D4B50099157}.Debug|Any CPU.ActiveCfg = Debug|Any CPU
		{9B34EC0C-826C-4B3B-B979-1D4B50099157}.Debug|Any CPU.Build.0 = Debug|Any CPU
		{9B34EC0C-826C-4B3B-B979-1D4B50099157}.Release|Any CPU.ActiveCfg = Release|Any CPU
		{9B34EC0C-826C-4B3B-B979-1D4B50099157}.Release|Any CPU.Build.0 = Release|Any CPU
		{0443F2C6-8AAF-4060-A658-BDDE6DBBB329}.Debug|Any CPU.ActiveCfg = Debug|Any CPU
		{0443F2C6-8AAF-4060-A658-BDDE6DBBB329}.Debug|Any CPU.Build.0 = Debug|Any CPU
		{0443F2C6-8AAF-4060-A658-BDDE6DBBB329}.Release|Any CPU.ActiveCfg = Release|Any CPU
		{0443F2C6-8AAF-4060-A658-BDDE6DBBB329}.Release|Any CPU.Build.0 = Release|Any CPU
		{A2A7AEC9-5A56-4517-835A-C52568055C24}.Debug|Any CPU.ActiveCfg = Debug|Any CPU
		{A2A7AEC9-5A56-4517-835A-C52568055C24}.Debug|Any CPU.Build.0 = Debug|Any CPU
		{A2A7AEC9-5A56-4517-835A-C52568055C24}.Release|Any CPU.ActiveCfg = Release|Any CPU
		{A2A7AEC9-5A56-4517-835A-C52568055C24}.Release|Any CPU.Build.0 = Release|Any CPU
	EndGlobalSection
	GlobalSection(SolutionProperties) = preSolution
		HideSolutionNode = FALSE
	EndGlobalSection
	GlobalSection(NestedProjects) = preSolution
		{3374664A-8EEF-41FF-9876-1B19410E943F} = {39DACBB0-472B-46F0-89F6-7AF8BA0AB0CB}
		{23CF57E4-F4D5-4EE4-9E24-59EAEB225EA8} = {41553352-BD08-4929-8210-A50FA518153E}
		{5FFF5DDF-945C-45AA-8C63-4816B7EA6A43} = {41553352-BD08-4929-8210-A50FA518153E}
		{AF4AE1F4-EA75-4315-A7DF-2F7DB3A08F9A} = {C8B2ACFB-8622-4B55-9A02-288FEF96AF5D}
		{33FC9040-64D0-4476-8C62-084A2D3BE21B} = {C8B2ACFB-8622-4B55-9A02-288FEF96AF5D}
		{E96B788D-DAFB-420A-9758-7D9A5213B51A} = {39DACBB0-472B-46F0-89F6-7AF8BA0AB0CB}
		{CFFC9A3B-41C9-46F2-A620-29D6B42188F6} = {39DACBB0-472B-46F0-89F6-7AF8BA0AB0CB}
		{93ABF240-3923-4D1E-852D-A1A754A4F00E} = {13CBC5AF-89A1-426A-990A-3AB575E3BD72}
		{9B34EC0C-826C-4B3B-B979-1D4B50099157} = {3374664A-8EEF-41FF-9876-1B19410E943F}
		{0443F2C6-8AAF-4060-A658-BDDE6DBBB329} = {41553352-BD08-4929-8210-A50FA518153E}
		{A2A7AEC9-5A56-4517-835A-C52568055C24} = {3E694104-4C58-47E2-B275-3B1C3C91BA82}
	EndGlobalSection
EndGlobal
